{
	"name":"testkit",
	"version":"",
	"type":"library",
	"stability":"",
	"uniqueName":"testkit",
	"packages":{
		"ln-e\/console":{
			"name":"ln-e\/console",
			"type":"library",
			"targetDir":"ln-e\/console",
			"sourceType":"git",
			"sourceUrl":"https:\/\/github.com\/ln-e\/console.git",
			"sourceReference":"6b61fd076e4dfb309150e7ec005c1098581f15b3",
			"distType":"zip",
			"distUrl":"https:\/\/api.github.com\/repos\/ln-e\/console\/zipball\/6b61fd076e4dfb309150e7ec005c1098581f15b3",
			"distReference":"6b61fd076e4dfb309150e7ec005c1098581f15b3",
			"version":"master",
			"normilizedVersion":"9999999-dev",
			"releaseDate":null,
			"minimumStability":"dev",
			"stability":"dev",
			"requiredPackages":{},
			"require":{
				"parser":">=3.4.3"
			},
			"conflict":{},
			"devRequire":{},
			"autoload":{
				"namespace":{
					"Ln-e\/Console":"src"
				}
			},
			"devAutoload":{},
			"aliases":{},
			"dynamicDocRoot":false,
			"docRoot":"www",
			"repository":null,
			"uniqueName":"ln-e\/consolemaster"
		},
		"ln-e\/debug":{
			"name":"ln-e\/debug",
			"type":null,
			"targetDir":"ln-e\/debug",
			"sourceType":"git",
			"sourceUrl":"https:\/\/github.com\/ln-e\/debug.git",
			"sourceReference":"c2be8b66544b18283203e14a99306608806e7da5",
			"distType":"zip",
			"distUrl":"https:\/\/api.github.com\/repos\/ln-e\/debug\/zipball\/c2be8b66544b18283203e14a99306608806e7da5",
			"distReference":"c2be8b66544b18283203e14a99306608806e7da5",
			"version":"master",
			"normilizedVersion":"9999999-dev",
			"releaseDate":null,
			"minimumStability":"dev",
			"stability":"dev",
			"requiredPackages":{},
			"require":{
				"parser":">=3.4.3"
			},
			"conflict":{},
			"devRequire":{},
			"autoload":{},
			"devAutoload":{},
			"aliases":{},
			"dynamicDocRoot":false,
			"docRoot":"www",
			"repository":null,
			"uniqueName":"ln-e\/debugmaster"
		}
	},
	"releaseDate":"1485881749",
	"updated":"1485884206"
}
